
Microsoft Visual Studio Solution File, Format Version 12.00
# Visual Studio 15
VisualStudioVersion = 15.0.27004.2008
MinimumVisualStudioVersion = 10.0.40219.1
Project("{2150E333-8FDC-42A3-9474-1A3956D46DE8}") = "Engine", "Engine", "{1ECF04AD-1EBF-4169-93CB-E08D81424748}"
EndProject
Project("{2150E333-8FDC-42A3-9474-1A3956D46DE8}") = "Games", "Games", "{961BBD95-C542-49B3-94C6-534E7DCDD101}"
EndProject
Project("{8BC9CEB8-8B4A-11D0-8D11-00A0C91BC942}") = "UE4", "Intermediate\ProjectFiles\UE4.vcxproj", "{22F4C8FE-302B-4C7C-98EA-93E2E3655574}"
EndProject
Project("{8BC9CEB8-8B4A-11D0-8D11-00A0C91BC942}") = "UnrealHanoiSim", "Intermediate\ProjectFiles\UnrealHanoiSim.vcxproj", "{059339AF-6FCB-4E9D-BC39-6FD073EED422}"
EndProject
Global
	GlobalSection(SolutionConfigurationPlatforms) = preSolution
		DebugGame Editor|HTML5 = DebugGame Editor|HTML5
		DebugGame Editor|IOS = DebugGame Editor|IOS
		DebugGame Editor|Win32 = DebugGame Editor|Win32
		DebugGame Editor|Win64 = DebugGame Editor|Win64
		DebugGame|HTML5 = DebugGame|HTML5
		DebugGame|IOS = DebugGame|IOS
		DebugGame|Win32 = DebugGame|Win32
		DebugGame|Win64 = DebugGame|Win64
		Development Editor|HTML5 = Development Editor|HTML5
		Development Editor|IOS = Development Editor|IOS
		Development Editor|Win32 = Development Editor|Win32
		Development Editor|Win64 = Development Editor|Win64
		Development|HTML5 = Development|HTML5
		Development|IOS = Development|IOS
		Development|Win32 = Development|Win32
		Development|Win64 = Development|Win64
		Shipping|HTML5 = Shipping|HTML5
		Shipping|IOS = Shipping|IOS
		Shipping|Win32 = Shipping|Win32
		Shipping|Win64 = Shipping|Win64
	EndGlobalSection
	GlobalSection(ProjectConfigurationPlatforms) = postSolution
		{22F4C8FE-302B-4C7C-98EA-93E2E3655574}.DebugGame Editor|HTML5.ActiveCfg = BuiltWithUnrealBuildTool|Win32
		{22F4C8FE-302B-4C7C-98EA-93E2E3655574}.DebugGame Editor|HTML5.Build.0 = BuiltWithUnrealBuildTool|Win32
		{22F4C8FE-302B-4C7C-98EA-93E2E3655574}.DebugGame Editor|IOS.ActiveCfg = BuiltWithUnrealBuildTool|Win32
		{22F4C8FE-302B-4C7C-98EA-93E2E3655574}.DebugGame Editor|IOS.Build.0 = BuiltWithUnrealBuildTool|Win32
		{22F4C8FE-302B-4C7C-98EA-93E2E3655574}.DebugGame Editor|Win32.ActiveCfg = BuiltWithUnrealBuildTool|Win32
		{22F4C8FE-302B-4C7C-98EA-93E2E3655574}.DebugGame Editor|Win32.Build.0 = BuiltWithUnrealBuildTool|Win32
		{22F4C8FE-302B-4C7C-98EA-93E2E3655574}.DebugGame Editor|Win64.ActiveCfg = BuiltWithUnrealBuildTool|Win32
		{22F4C8FE-302B-4C7C-98EA-93E2E3655574}.DebugGame Editor|Win64.Build.0 = BuiltWithUnrealBuildTool|Win32
		{22F4C8FE-302B-4C7C-98EA-93E2E3655574}.DebugGame|HTML5.ActiveCfg = BuiltWithUnrealBuildTool|Win32
		{22F4C8FE-302B-4C7C-98EA-93E2E3655574}.DebugGame|HTML5.Build.0 = BuiltWithUnrealBuildTool|Win32
		{22F4C8FE-302B-4C7C-98EA-93E2E3655574}.DebugGame|IOS.ActiveCfg = BuiltWithUnrealBuildTool|Win32
		{22F4C8FE-302B-4C7C-98EA-93E2E3655574}.DebugGame|IOS.Build.0 = BuiltWithUnrealBuildTool|Win32
		{22F4C8FE-302B-4C7C-98EA-93E2E3655574}.DebugGame|Win32.ActiveCfg = BuiltWithUnrealBuildTool|Win32
		{22F4C8FE-302B-4C7C-98EA-93E2E3655574}.DebugGame|Win32.Build.0 = BuiltWithUnrealBuildTool|Win32
		{22F4C8FE-302B-4C7C-98EA-93E2E3655574}.DebugGame|Win64.ActiveCfg = BuiltWithUnrealBuildTool|Win32
		{22F4C8FE-302B-4C7C-98EA-93E2E3655574}.DebugGame|Win64.Build.0 = BuiltWithUnrealBuildTool|Win32
		{22F4C8FE-302B-4C7C-98EA-93E2E3655574}.Development Editor|HTML5.ActiveCfg = BuiltWithUnrealBuildTool|Win32
		{22F4C8FE-302B-4C7C-98EA-93E2E3655574}.Development Editor|HTML5.Build.0 = BuiltWithUnrealBuildTool|Win32
		{22F4C8FE-302B-4C7C-98EA-93E2E3655574}.Development Editor|IOS.ActiveCfg = BuiltWithUnrealBuildTool|Win32
		{22F4C8FE-302B-4C7C-98EA-93E2E3655574}.Development Editor|IOS.Build.0 = BuiltWithUnrealBuildTool|Win32
		{22F4C8FE-302B-4C7C-98EA-93E2E3655574}.Development Editor|Win32.ActiveCfg = BuiltWithUnrealBuildTool|Win32
		{22F4C8FE-302B-4C7C-98EA-93E2E3655574}.Development Editor|Win32.Build.0 = BuiltWithUnrealBuildTool|Win32
		{22F4C8FE-302B-4C7C-98EA-93E2E3655574}.Development Editor|Win64.ActiveCfg = BuiltWithUnrealBuildTool|Win32
		{22F4C8FE-302B-4C7C-98EA-93E2E3655574}.Development Editor|Win64.Build.0 = BuiltWithUnrealBuildTool|Win32
		{22F4C8FE-302B-4C7C-98EA-93E2E3655574}.Development|HTML5.ActiveCfg = BuiltWithUnrealBuildTool|Win32
		{22F4C8FE-302B-4C7C-98EA-93E2E3655574}.Development|HTML5.Build.0 = BuiltWithUnrealBuildTool|Win32
		{22F4C8FE-302B-4C7C-98EA-93E2E3655574}.Development|IOS.ActiveCfg = BuiltWithUnrealBuildTool|Win32
		{22F4C8FE-302B-4C7C-98EA-93E2E3655574}.Development|IOS.Build.0 = BuiltWithUnrealBuildTool|Win32
		{22F4C8FE-302B-4C7C-98EA-93E2E3655574}.Development|Win32.ActiveCfg = BuiltWithUnrealBuildTool|Win32
		{22F4C8FE-302B-4C7C-98EA-93E2E3655574}.Development|Win32.Build.0 = BuiltWithUnrealBuildTool|Win32
		{22F4C8FE-302B-4C7C-98EA-93E2E3655574}.Development|Win64.ActiveCfg = BuiltWithUnrealBuildTool|Win32
		{22F4C8FE-302B-4C7C-98EA-93E2E3655574}.Development|Win64.Build.0 = BuiltWithUnrealBuildTool|Win32
		{22F4C8FE-302B-4C7C-98EA-93E2E3655574}.Shipping|HTML5.ActiveCfg = BuiltWithUnrealBuildTool|Win32
		{22F4C8FE-302B-4C7C-98EA-93E2E3655574}.Shipping|HTML5.Build.0 = BuiltWithUnrealBuildTool|Win32
		{22F4C8FE-302B-4C7C-98EA-93E2E3655574}.Shipping|IOS.ActiveCfg = BuiltWithUnrealBuildTool|Win32
		{22F4C8FE-302B-4C7C-98EA-93E2E3655574}.Shipping|IOS.Build.0 = BuiltWithUnrealBuildTool|Win32
		{22F4C8FE-302B-4C7C-98EA-93E2E3655574}.Shipping|Win32.ActiveCfg = BuiltWithUnrealBuildTool|Win32
		{22F4C8FE-302B-4C7C-98EA-93E2E3655574}.Shipping|Win32.Build.0 = BuiltWithUnrealBuildTool|Win32
		{22F4C8FE-302B-4C7C-98EA-93E2E3655574}.Shipping|Win64.ActiveCfg = BuiltWithUnrealBuildTool|Win32
		{22F4C8FE-302B-4C7C-98EA-93E2E3655574}.Shipping|Win64.Build.0 = BuiltWithUnrealBuildTool|Win32
		{059339AF-6FCB-4E9D-BC39-6FD073EED422}.DebugGame Editor|HTML5.ActiveCfg = HTML5_DebugGame_Editor|Win32
		{059339AF-6FCB-4E9D-BC39-6FD073EED422}.DebugGame Editor|IOS.ActiveCfg = IOS_DebugGame_Editor|Win32
		{059339AF-6FCB-4E9D-BC39-6FD073EED422}.DebugGame Editor|Win32.ActiveCfg = DebugGame_Editor|Win32
		{059339AF-6FCB-4E9D-BC39-6FD073EED422}.DebugGame Editor|Win64.ActiveCfg = DebugGame_Editor|x64
		{059339AF-6FCB-4E9D-BC39-6FD073EED422}.DebugGame Editor|Win64.Build.0 = DebugGame_Editor|x64
		{059339AF-6FCB-4E9D-BC39-6FD073EED422}.DebugGame|HTML5.ActiveCfg = HTML5_DebugGame_Game|Win32
		{059339AF-6FCB-4E9D-BC39-6FD073EED422}.DebugGame|HTML5.Build.0 = HTML5_DebugGame_Game|Win32
		{059339AF-6FCB-4E9D-BC39-6FD073EED422}.DebugGame|IOS.ActiveCfg = IOS_DebugGame_Game|Win32
		{059339AF-6FCB-4E9D-BC39-6FD073EED422}.DebugGame|IOS.Build.0 = IOS_DebugGame_Game|Win32
		{059339AF-6FCB-4E9D-BC39-6FD073EED422}.DebugGame|Win32.ActiveCfg = DebugGame_Game|Win32
		{059339AF-6FCB-4E9D-BC39-6FD073EED422}.DebugGame|Win32.Build.0 = DebugGame_Game|Win32
		{059339AF-6FCB-4E9D-BC39-6FD073EED422}.DebugGame|Win64.ActiveCfg = DebugGame_Game|x64
		{059339AF-6FCB-4E9D-BC39-6FD073EED422}.DebugGame|Win64.Build.0 = DebugGame_Game|x64
		{059339AF-6FCB-4E9D-BC39-6FD073EED422}.Development Editor|HTML5.ActiveCfg = HTML5_Development_Editor|Win32
		{059339AF-6FCB-4E9D-BC39-6FD073EED422}.Development Editor|IOS.ActiveCfg = IOS_Development_Editor|Win32
		{059339AF-6FCB-4E9D-BC39-6FD073EED422}.Development Editor|Win32.ActiveCfg = Development_Editor|Win32
		{059339AF-6FCB-4E9D-BC39-6FD073EED422}.Development Editor|Win64.ActiveCfg = Development_Editor|x64
		{059339AF-6FCB-4E9D-BC39-6FD073EED422}.Development Editor|Win64.Build.0 = Development_Editor|x64
		{059339AF-6FCB-4E9D-BC39-6FD073EED422}.Development|HTML5.ActiveCfg = HTML5_Development_Game|Win32
		{059339AF-6FCB-4E9D-BC39-6FD073EED422}.Development|HTML5.Build.0 = HTML5_Development_Game|Win32
		{059339AF-6FCB-4E9D-BC39-6FD073EED422}.Development|IOS.ActiveCfg = IOS_Development_Game|Win32
		{059339AF-6FCB-4E9D-BC39-6FD073EED422}.Development|IOS.Build.0 = IOS_Development_Game|Win32
		{059339AF-6FCB-4E9D-BC39-6FD073EED422}.Development|Win32.ActiveCfg = Development_Game|Win32
		{059339AF-6FCB-4E9D-BC39-6FD073EED422}.Development|Win32.Build.0 = Development_Game|Win32
		{059339AF-6FCB-4E9D-BC39-6FD073EED422}.Development|Win64.ActiveCfg = Development_Game|x64
		{059339AF-6FCB-4E9D-BC39-6FD073EED422}.Development|Win64.Build.0 = Development_Game|x64
		{059339AF-6FCB-4E9D-BC39-6FD073EED422}.Shipping|HTML5.ActiveCfg = HTML5_Shipping_Game|Win32
		{059339AF-6FCB-4E9D-BC39-6FD073EED422}.Shipping|HTML5.Build.0 = HTML5_Shipping_Game|Win32
		{059339AF-6FCB-4E9D-BC39-6FD073EED422}.Shipping|IOS.ActiveCfg = IOS_Shipping_Game|Win32
		{059339AF-6FCB-4E9D-BC39-6FD073EED422}.Shipping|IOS.Build.0 = IOS_Shipping_Game|Win32
		{059339AF-6FCB-4E9D-BC39-6FD073EED422}.Shipping|Win32.ActiveCfg = Shipping_Game|Win32
		{059339AF-6FCB-4E9D-BC39-6FD073EED422}.Shipping|Win32.Build.0 = Shipping_Game|Win32
		{059339AF-6FCB-4E9D-BC39-6FD073EED422}.Shipping|Win64.ActiveCfg = Shipping_Game|x64
		{059339AF-6FCB-4E9D-BC39-6FD073EED422}.Shipping|Win64.Build.0 = Shipping_Game|x64
	EndGlobalSection
	GlobalSection(SolutionProperties) = preSolution
		HideSolutionNode = FALSE
	EndGlobalSection
	GlobalSection(NestedProjects) = preSolution
		{22F4C8FE-302B-4C7C-98EA-93E2E3655574} = {1ECF04AD-1EBF-4169-93CB-E08D81424748}
		{059339AF-6FCB-4E9D-BC39-6FD073EED422} = {961BBD95-C542-49B3-94C6-534E7DCDD101}
	EndGlobalSection
	GlobalSection(ExtensibilityGlobals) = postSolution
		SolutionGuid = {17B74ECB-0D9A-406A-86B9-D731F7C0E903}
	EndGlobalSection
EndGlobal
